Microsoft Visual Studio Solution File, Format Version 12.00
# Visual Studio Version 17
VisualStudioVersion = 17.13.35931.197
MinimumVisualStudioVersion = 10.0.40219.1
Project("{FAE04EC0-301F-11D3-BF4B-00C04F79EFBC}") = "SGB_Project", "AppConcurso\SGB_Project.csproj", "{605E7A4E-8487-4FF9-9AA1-CA2C71412DEF}"
EndProject
Global
	GlobalSection(SolutionConfigurationPlatforms) = preSolution
		Debug|Any CPU = Debug|Any CPU
		Release|Any CPU = Release|Any CPU
	EndGlobalSection
	GlobalSection(ProjectConfigurationPlatforms) = postSolution
		{605E7A4E-8487-4FF9-9AA1-CA2C71412DEF}.Debug|Any CPU.ActiveCfg = Debug|Any CPU
		{605E7A4E-8487-4FF9-9AA1-CA2C71412DEF}.Debug|Any CPU.Build.0 = Debug|Any CPU
		{605E7A4E-8487-4FF9-9AA1-CA2C71412DEF}.Release|Any CPU.ActiveCfg = Release|Any CPU
		{605E7A4E-8487-4FF9-9AA1-CA2C71412DEF}.Release|Any CPU.Build.0 = Release|Any CPU
	EndGlobalSection
	GlobalSection(SolutionProperties) = preSolution
		HideSolutionNode = FALSE
	EndGlobalSection
	GlobalSection(ExtensibilityGlobals) = postSolution
		SolutionGuid = {B34E6BFE-83D0-40CD-930A-89E6A79A7F84}
	EndGlobalSection
EndGlobal
